<Project xmlns="http://schemas.microsoft.com/developer/msbuild/2003">
    <PropertyGroup>
        <ProjectGuid>{0E68D11B-97C1-4E3B-B645-6CBC4CF1707C}</ProjectGuid>
        <ProjectVersion>18.1</ProjectVersion>
        <FrameworkType>None</FrameworkType>
        <Base>True</Base>
        <Config Condition="'$(Config)'==''">Debug</Config>
        <Platform Condition="'$(Platform)'==''">Win32</Platform>
        <TargetedPlatforms>1</TargetedPlatforms>
        <AppType>Console</AppType>
        <MainSource>GBNFeTests2.dpr</MainSource>
    </PropertyGroup>
    <PropertyGroup Condition="'$(Config)'=='Base' or '$(Base)'!=''">
        <Base>true</Base>
    </PropertyGroup>
    <PropertyGroup Condition="('$(Platform)'=='OSX32' and '$(Base)'=='true') or '$(Base_OSX32)'!=''">
        <Base_OSX32>true</Base_OSX32>
        <CfgParent>Base</CfgParent>
        <Base>true</Base>
    </PropertyGroup>
    <PropertyGroup Condition="('$(Platform)'=='Win32' and '$(Base)'=='true') or '$(Base_Win32)'!=''">
        <Base_Win32>true</Base_Win32>
        <CfgParent>Base</CfgParent>
        <Base>true</Base>
    </PropertyGroup>
    <PropertyGroup Condition="('$(Platform)'=='Win64' and '$(Base)'=='true') or '$(Base_Win64)'!=''">
        <Base_Win64>true</Base_Win64>
        <CfgParent>Base</CfgParent>
        <Base>true</Base>
    </PropertyGroup>
    <PropertyGroup Condition="'$(Config)'=='Debug' or '$(Cfg_1)'!=''">
        <Cfg_1>true</Cfg_1>
        <CfgParent>Base</CfgParent>
        <Base>true</Base>
    </PropertyGroup>
    <PropertyGroup Condition="('$(Platform)'=='Win32' and '$(Cfg_1)'=='true') or '$(Cfg_1_Win32)'!=''">
        <Cfg_1_Win32>true</Cfg_1_Win32>
        <CfgParent>Cfg_1</CfgParent>
        <Cfg_1>true</Cfg_1>
        <Base>true</Base>
    </PropertyGroup>
    <PropertyGroup Condition="'$(Config)'=='Release' or '$(Cfg_2)'!=''">
        <Cfg_2>true</Cfg_2>
        <CfgParent>Base</CfgParent>
        <Base>true</Base>
    </PropertyGroup>
    <PropertyGroup Condition="'$(Base)'!=''">
        <DCC_UnitSearchPath>$(BDS)\Source\DUnit\src;$(DCC_UnitSearchPath)</DCC_UnitSearchPath>
        <DCC_Define>_CONSOLE_TESTRUNNER;$(DCC_Define)</DCC_Define>
        <DCC_Namespace>System;Xml;Data;Datasnap;Web;Soap;Vcl;Vcl.Imaging;Vcl.Touch;Vcl.Samples;Vcl.Shell;$(DCC_Namespace)</DCC_Namespace>
        <DCC_DcuOutput>.</DCC_DcuOutput>
        <DCC_ExeOutput>.\$(Platform)\$(Config)</DCC_ExeOutput>
        <DCC_E>false</DCC_E>
        <DCC_N>false</DCC_N>
        <DCC_S>false</DCC_S>
        <DCC_F>false</DCC_F>
        <DCC_K>false</DCC_K>
    </PropertyGroup>
    <PropertyGroup Condition="'$(Base_OSX32)'!=''">
        <DCC_UsePackage>DBXSqliteDriver;tethering;FireDACMSSQLDriver;FireDACDBXDriver;RESTBackendComponents;bindengine;CloudService;FireDACMySQLDriver;DataSnapClient;bindcompdbx;IndyIPServer;IndySystem;fmxFireDAC;emshosting;FireDACTDataDriver;FMXTee;soaprtl;DbxCommonDriver;xmlrtl;soapmidas;DataSnapNativeClient;fmxobj;rtl;DbxClientDriver;DBXSybaseASADriver;IndyIPClient;FireDACODBCDriver;DataSnapIndy10ServerTransport;DataSnapProviderClient;FireDACMongoDBDriver;RESTComponents;DBXInterBaseDriver;emsclientfiredac;DataSnapFireDAC;bindcompfmx;DBXOracleDriver;inetdb;FmxTeeUI;emsedge;FireDACIBDriver;fmx;fmxdae;dbexpress;IndyCore;dsnap;DataSnapCommon;emsclient;FireDACCommon;soapserver;FireDACOracleDriver;DBXMySQLDriver;DBXFirebirdDriver;FireDACCommonODBC;FireDACCommonDriver;inet;IndyIPCommon;FireDAC;FireDACSqliteDriver;FireDACPgDriver;ibmonitor;FireDACASADriver;ibxpress;DataSnapServer;ibxbindings;FireDACDSDriver;CustomIPTransport;bindcomp;DBXInformixDriver;dbxcds;dsnapxml;dbrtl;inetdbxpress;IndyProtocols;fmxase;$(DCC_UsePackage)</DCC_UsePackage>
    </PropertyGroup>
    <PropertyGroup Condition="'$(Base_Win32)'!=''">
        <DCC_UsePackage>DBXSqliteDriver;dxSkinBlueprintRS24;DBXDb2Driver;dxPSDBTeeChartRS24;dxPSdxGaugeControlLnkRS24;vclactnband;dxSpreadSheetRS24;vclFireDAC;dxDockingRS24;fs24;tethering;dxSkinVisualStudio2013BlueRS24;dxPScxTLLnkRS24;dxBarExtItemsRS24;FireDACADSDriver;dxFireDACServerModeRS24;ACBr_BPe;dxPSTeeChartRS24;dxSkinOffice2007BlackRS24;FireDACMSSQLDriver;vcltouch;ACBr_NFe;ACBr_NFeDanfeFR;vcldb;Intraweb;svn;dxSkinXmas2008BlueRS24;dxSkinscxSchedulerPainterRS24;ACBr_NFeDanfeESCPOS;dxSkinsdxBarPainterRS24;dxSkinOffice2010BlackRS24;dxADOServerModeRS24;dxGDIPlusRS24;dxPSdxDBTVLnkRS24;frx24;vclib;dxSkinLilianRS24;FireDACDBXDriver;ACBr_NFSeDanfseFR;dxNavBarRS24;vclx;cxTreeListRS24;dxSkinDevExpressDarkStyleRS24;dxtrmdRS24;ACBr_SATExtratoRL;RESTBackendComponents;dxRibbonRS24;ACBr_Reinf;VCLRESTComponents;cxExportRS24;cxPivotGridChartRS24;cxTreeListdxBarPopupMenuRS24;dxSkinOffice2013LightGrayRS24;dxTabbedMDIRS24;vclie;dxSkinVisualStudio2013LightRS24;bindengine;CloudService;ACBr_PAF;FireDACMySQLDriver;cxPivotGridOLAPRS24;ACBr_SATECFVirtual;dxSkinSharpRS24;dxSkinBlackRS24;DataSnapClient;dxPSLnksRS24;bindcompdbx;ACBr_CTeDacteRL;dxSkinCoffeeRS24;ACBr_TCP;DBXSybaseASEDriver;IndyIPServer;ACBr_CTe;dxSkinsdxRibbonPainterRS24;dxCoreRS24;IndySystem;dxSkinOffice2013DarkGrayRS24;dsnapcon;ACBr_synapse;ACBre_Social;FireDACMSAccDriver;fmxFireDAC;FireDACInfxDriver;vclimg;ACBr_SPEDImportar;ACBr_SPED;ACBr_MDFe;emshosting;dxBarDBNavRS24;dxSkinDarkSideRS24;ACBr_BoletoRL;ACBr_LFD;dxSkinOffice2013WhiteRS24;DBXOdbcDriver;FireDACTDataDriver;FMXTee;dxPScxExtCommonRS24;dxPSdxLCLnkRS24;soaprtl;DbxCommonDriver;dxPScxPivotGridLnkRS24;ACBr_NFSeDanfseRL;xmlrtl;soapmidas;DataSnapNativeClient;fmxobj;dxSkinMcSkinRS24;rtl;dxLayoutControlRS24;DbxClientDriver;cxGridRS24;DBXSybaseASADriver;dxSkinBlueRS24;dxSpellCheckerRS24;cxLibraryRS24;dxSkinStardustRS24;dxSkinCaramelRS24;ACBr_Convenio115;appanalytics;dxSkinsCoreRS24;dxDBXServerModeRS24;dxMapControlRS24;IndyIPClient;dxSkinHighContrastRS24;bindcompvcl;dxSkinTheAsphaltWorldRS24;TeeUI;frxe24;cxPageControlRS24;cxEditorsRS24;dxPsPrVwAdvRS24;dxSkinSevenClassicRS24;VclSmp;cxSchedulerRibbonStyleEventEditorRS24;FireDACODBCDriver;dxSkinPumpkinRS24;DataSnapIndy10ServerTransport;dxSkinscxPCPainterRS24;dxPSPrVwRibbonRS24;ACBr_Boleto;DataSnapProviderClient;ACBr_SEF2;FireDACMongoDBDriver;dxSkinSevenRS24;ACBr_MDFeDamdfeFR;ACBr_NFSe;dxdborRS24;dxmdsRS24;cxSchedulerGridRS24;RESTComponents;dxHttpIndyRequestRS24;cxPivotGridRS24;DBXInterBaseDriver;RtmRxDB240;ACBr_TEFD;emsclientfiredac;ACBr_SATWS;DataSnapFireDAC;svnui;dxdbtrRS24;dxSkinMetropolisRS24;dxSkinMoneyTwinsRS24;dxPScxPCProdRS24;DBXMSSQLDriver;ACBr_MDFeDamdfeRL;DatasnapConnectorsFreePascal;dxWizardControlRS24;bindcompfmx;dxPSdxOCLnkRS24;dxBarExtDBItemsRS24;DBXOracleDriver;dxPSdxFCLnkRS24;inetdb;cxSchedulerTreeBrowserRS24;dxSkinOffice2016ColorfulRS24;ACBr_Diversos;ACBr_TXTComum;ACBr_GNREGuiaFR;FmxTeeUI;emsedge;FireDACIBDriver;fmx;fmxdae;dxSkinSpringTimeRS24;dxSkinValentineRS24;dxSkinLondonLiquidSkyRS24;ACBr_CTeDacteFR;dxSkinWhiteprintRS24;ACBr_Ponto;dbexpress;IndyCore;dxSkiniMaginaryRS24;dxTileControlRS24;dxSkinOffice2016DarkRS24;dsnap;DataSnapCommon;emsclient;cxDataRS24;FireDACCommon;dxSkinOffice2007PinkRS24;dxPSdxSpreadSheetLnkRS24;ACBr_PCNComum;DataSnapConnectors;ACBR_DeSTDA;dxSkinDevExpressStyleRS24;soapserver;ACBr_SAT;dxBarRS24;dxSkinMetropolisDarkRS24;FireDACOracleDriver;DBXMySQLDriver;dxPSRichEditControlLnkRS24;DBXFirebirdDriver;dxPScxCommonRS24;ACBr_Sintegra;FireDACCommonODBC;FireDACCommonDriver;ACBr_GNRE;inet;IndyIPCommon;dxSkinVS2010RS24;vcl;ACBr_NFeDanfeRL;dxSkinSharpPlusRS24;ACBr_SATExtratoESCPOS;dxPSdxDBOCLnkRS24;FireDACDb2Driver;dxThemeRS24;ACBr_Integrador;dxSkinOffice2007GreenRS24;TeeDB;FireDAC;dxPScxGridLnkRS24;dxPScxVGridLnkRS24;ACBr_Comum;FireDACSqliteDriver;FireDACPgDriver;ibmonitor;FireDACASADriver;dxSkinOffice2010BlueRS24;ACBr_GNREGuiaRL;dxServerModeRS24;ibxpress;Tee;DataSnapServer;ibxbindings;cxSchedulerRS24;vclwinx;FireDACDSDriver;dxSkinsdxDLPainterRS24;dxPSCoreRS24;dxSkinOffice2007BlueRS24;ACBr_OpenSSL;frxTee24;CustomIPTransport;vcldsnap;dxSkinGlassOceansRS24;dxRibbonCustomizationFormRS24;dxPScxSchedulerLnkRS24;ACBr_DFeComum;dxSkinSummer2008RS24;dxSkinDarkRoomRS24;bindcomp;dxSkinFoggyRS24;ACBr_Serial;DBXInformixDriver;dxorgcRS24;dxSkinOffice2010SilverRS24;frce;ACBr_BlocoX;dxRichEditControlRS24;dxSkinsdxNavBarPainterRS24;dbxcds;RtmRxCtl240;adortl;dxSkinSilverRS24;ACBr_NFCeECFVirtual;dxSkinVisualStudio2013DarkRS24;dxComnRS24;ACBr_BoletoFR;cxVerticalGridRS24;dxFlowChartRS24;frxDB24;ACBr_ANe;dsnapxml;dbrtl;inetdbxpress;IndyProtocols;dxGaugeControlRS24;dxSkinOffice2007SilverRS24;dxSkinLiquidSkyRS24;ACBr_MTER;fmxase;$(DCC_UsePackage)</DCC_UsePackage>
        <DCC_Namespace>Winapi;System.Win;Data.Win;Datasnap.Win;Web.Win;Soap.Win;Xml.Win;Bde;$(DCC_Namespace)</DCC_Namespace>
        <VerInfo_Keys>CompanyName=;FileDescription=;FileVersion=1.0.0.0;InternalName=;LegalCopyright=;LegalTrademarks=;OriginalFilename=;ProductName=;ProductVersion=1.0.0.0;Comments=</VerInfo_Keys>
        <VerInfo_Locale>1033</VerInfo_Locale>
    </PropertyGroup>
    <PropertyGroup Condition="'$(Base_Win64)'!=''">
        <DCC_UsePackage>DBXSqliteDriver;dxSkinBlueprintRS24;DBXDb2Driver;dxPSDBTeeChartRS24;dxPSdxGaugeControlLnkRS24;vclactnband;dxSpreadSheetRS24;vclFireDAC;dxDockingRS24;tethering;dxSkinVisualStudio2013BlueRS24;dxPScxTLLnkRS24;dxBarExtItemsRS24;FireDACADSDriver;dxFireDACServerModeRS24;dxPSTeeChartRS24;dxSkinOffice2007BlackRS24;FireDACMSSQLDriver;vcltouch;vcldb;Intraweb;dxSkinXmas2008BlueRS24;dxSkinscxSchedulerPainterRS24;dxSkinsdxBarPainterRS24;dxSkinOffice2010BlackRS24;dxADOServerModeRS24;dxGDIPlusRS24;dxPSdxDBTVLnkRS24;vclib;dxSkinLilianRS24;FireDACDBXDriver;dxNavBarRS24;vclx;cxTreeListRS24;dxSkinDevExpressDarkStyleRS24;dxtrmdRS24;RESTBackendComponents;dxRibbonRS24;VCLRESTComponents;cxExportRS24;cxPivotGridChartRS24;cxTreeListdxBarPopupMenuRS24;dxSkinOffice2013LightGrayRS24;dxTabbedMDIRS24;vclie;dxSkinVisualStudio2013LightRS24;bindengine;CloudService;FireDACMySQLDriver;cxPivotGridOLAPRS24;dxSkinSharpRS24;dxSkinBlackRS24;DataSnapClient;dxPSLnksRS24;bindcompdbx;dxSkinCoffeeRS24;DBXSybaseASEDriver;IndyIPServer;dxSkinsdxRibbonPainterRS24;dxCoreRS24;IndySystem;dxSkinOffice2013DarkGrayRS24;dsnapcon;FireDACMSAccDriver;fmxFireDAC;FireDACInfxDriver;vclimg;emshosting;dxBarDBNavRS24;dxSkinDarkSideRS24;dxSkinOffice2013WhiteRS24;DBXOdbcDriver;FireDACTDataDriver;FMXTee;dxPScxExtCommonRS24;dxPSdxLCLnkRS24;soaprtl;DbxCommonDriver;dxPScxPivotGridLnkRS24;xmlrtl;soapmidas;DataSnapNativeClient;fmxobj;dxSkinMcSkinRS24;rtl;dxLayoutControlRS24;DbxClientDriver;cxGridRS24;DBXSybaseASADriver;dxSkinBlueRS24;dxSpellCheckerRS24;cxLibraryRS24;dxSkinStardustRS24;dxSkinCaramelRS24;appanalytics;dxSkinsCoreRS24;dxDBXServerModeRS24;dxMapControlRS24;IndyIPClient;dxSkinHighContrastRS24;bindcompvcl;dxSkinTheAsphaltWorldRS24;TeeUI;cxPageControlRS24;cxEditorsRS24;dxPsPrVwAdvRS24;dxSkinSevenClassicRS24;VclSmp;cxSchedulerRibbonStyleEventEditorRS24;FireDACODBCDriver;dxSkinPumpkinRS24;DataSnapIndy10ServerTransport;dxSkinscxPCPainterRS24;dxPSPrVwRibbonRS24;DataSnapProviderClient;FireDACMongoDBDriver;dxSkinSevenRS24;dxdborRS24;dxmdsRS24;cxSchedulerGridRS24;RESTComponents;dxHttpIndyRequestRS24;cxPivotGridRS24;DBXInterBaseDriver;emsclientfiredac;DataSnapFireDAC;dxdbtrRS24;dxSkinMetropolisRS24;dxSkinMoneyTwinsRS24;dxPScxPCProdRS24;DBXMSSQLDriver;DatasnapConnectorsFreePascal;dxWizardControlRS24;bindcompfmx;dxPSdxOCLnkRS24;dxBarExtDBItemsRS24;DBXOracleDriver;dxPSdxFCLnkRS24;inetdb;cxSchedulerTreeBrowserRS24;dxSkinOffice2016ColorfulRS24;FmxTeeUI;emsedge;FireDACIBDriver;fmx;fmxdae;dxSkinSpringTimeRS24;dxSkinValentineRS24;dxSkinLondonLiquidSkyRS24;dxSkinWhiteprintRS24;dbexpress;IndyCore;dxSkiniMaginaryRS24;dxTileControlRS24;dxSkinOffice2016DarkRS24;dsnap;DataSnapCommon;emsclient;cxDataRS24;FireDACCommon;dxSkinOffice2007PinkRS24;dxPSdxSpreadSheetLnkRS24;DataSnapConnectors;dxSkinDevExpressStyleRS24;soapserver;dxBarRS24;dxSkinMetropolisDarkRS24;FireDACOracleDriver;DBXMySQLDriver;dxPSRichEditControlLnkRS24;DBXFirebirdDriver;dxPScxCommonRS24;FireDACCommonODBC;FireDACCommonDriver;inet;IndyIPCommon;dxSkinVS2010RS24;vcl;dxSkinSharpPlusRS24;dxPSdxDBOCLnkRS24;FireDACDb2Driver;dxThemeRS24;dxSkinOffice2007GreenRS24;TeeDB;FireDAC;dxPScxGridLnkRS24;dxPScxVGridLnkRS24;FireDACSqliteDriver;FireDACPgDriver;ibmonitor;FireDACASADriver;dxSkinOffice2010BlueRS24;dxServerModeRS24;ibxpress;Tee;DataSnapServer;ibxbindings;cxSchedulerRS24;vclwinx;FireDACDSDriver;dxSkinsdxDLPainterRS24;dxPSCoreRS24;dxSkinOffice2007BlueRS24;CustomIPTransport;vcldsnap;dxSkinGlassOceansRS24;dxRibbonCustomizationFormRS24;dxPScxSchedulerLnkRS24;dxSkinSummer2008RS24;dxSkinDarkRoomRS24;bindcomp;dxSkinFoggyRS24;DBXInformixDriver;dxorgcRS24;dxSkinOffice2010SilverRS24;dxRichEditControlRS24;dxSkinsdxNavBarPainterRS24;dbxcds;adortl;dxSkinSilverRS24;dxSkinVisualStudio2013DarkRS24;dxComnRS24;cxVerticalGridRS24;dxFlowChartRS24;dsnapxml;dbrtl;inetdbxpress;IndyProtocols;dxGaugeControlRS24;dxSkinOffice2007SilverRS24;dxSkinLiquidSkyRS24;fmxase;$(DCC_UsePackage)</DCC_UsePackage>
    </PropertyGroup>
    <PropertyGroup Condition="'$(Cfg_1)'!=''">
        <DCC_Define>DEBUG;$(DCC_Define)</DCC_Define>
        <DCC_DebugDCUs>true</DCC_DebugDCUs>
        <DCC_Optimize>false</DCC_Optimize>
        <DCC_GenerateStackFrames>true</DCC_GenerateStackFrames>
        <DCC_DebugInfoInExe>true</DCC_DebugInfoInExe>
        <DCC_RemoteDebug>true</DCC_RemoteDebug>
    </PropertyGroup>
    <PropertyGroup Condition="'$(Cfg_1_Win32)'!=''">
        <DCC_RemoteDebug>false</DCC_RemoteDebug>
    </PropertyGroup>
    <PropertyGroup Condition="'$(Cfg_2)'!=''">
        <DCC_LocalDebugSymbols>false</DCC_LocalDebugSymbols>
        <DCC_Define>RELEASE;$(DCC_Define)</DCC_Define>
        <DCC_SymbolReferenceInfo>0</DCC_SymbolReferenceInfo>
        <DCC_DebugInformation>0</DCC_DebugInformation>
    </PropertyGroup>
    <ItemGroup>
        <DelphiCompile Include="$(MainSource)">
            <MainSource>MainSource</MainSource>
        </DelphiCompile>
        <DCCReference Include="..\GBNFe_U.pas">
            <Form>FrGBNFe</Form>
        </DCCReference>
        <DCCReference Include="..\FrPar_U.pas">
            <Form>FrPar</Form>
        </DCCReference>
        <DCCReference Include="..\FrInut_U.pas">
            <Form>FrInut</Form>
        </DCCReference>
        <DCCReference Include="..\ufrmStatus.pas">
            <Form>frmStatus</Form>
        </DCCReference>
        <DCCReference Include="..\DMNFe_U.pas">
            <Form>DMNFe</Form>
        </DCCReference>
        <DCCReference Include="..\Funcoes_U.pas">
            <Form>Funcoes</Form>
        </DCCReference>
        <DCCReference Include="..\FrSeleciona_U.pas">
            <Form>FrSeleciona</Form>
        </DCCReference>
        <DCCReference Include="..\FrCCe_U.pas">
            <Form>FrCCe</Form>
        </DCCReference>
        <DCCReference Include="..\FrBackup_U.pas">
            <Form>FrBackup</Form>
        </DCCReference>
        <DCCReference Include="..\FrBuscaNota_U.pas">
            <Form>FrBuscaNota</Form>
        </DCCReference>
        <DCCReference Include="..\FrXML_U.pas">
            <Form>FrXML</Form>
        </DCCReference>
        <DCCReference Include="..\FrPw_U.pas">
            <Form>FrPw</Form>
        </DCCReference>
        <DCCReference Include="..\FrConsManif_U.pas">
            <Form>FrConsManif</Form>
        </DCCReference>
        <DCCReference Include="..\FrImportXML_U.pas">
            <Form>FrImportXML</Form>
        </DCCReference>
        <DCCReference Include="..\FrSenMst_U.pas">
            <Form>FrSenMst</Form>
        </DCCReference>
        <DCCReference Include="..\FrMens_U.pas">
            <Form>FrMens</Form>
        </DCCReference>
        <DCCReference Include="..\FrConWeb_U.pas">
            <Form>FrConWeb</Form>
        </DCCReference>
        <DCCReference Include="..\FrContab_U.pas">
            <Form>FrContab</Form>
        </DCCReference>
        <DCCReference Include="..\FrEmail_U.pas">
            <Form>FrEmail</Form>
        </DCCReference>
        <DCCReference Include="..\DMFD_U.pas">
            <Form>DMFD</Form>
            <DesignClass>TDataModule</DesignClass>
        </DCCReference>
        <DCCReference Include="..\FrBuscaChave_U.pas">
            <Form>FrBuscaChave</Form>
        </DCCReference>
        <DCCReference Include="..\FrBDFD_U.pas">
            <Form>FrBDFD</Form>
        </DCCReference>
        <BuildConfiguration Include="Release">
            <Key>Cfg_2</Key>
            <CfgParent>Base</CfgParent>
        </BuildConfiguration>
        <BuildConfiguration Include="Base">
            <Key>Base</Key>
        </BuildConfiguration>
        <BuildConfiguration Include="Debug">
            <Key>Cfg_1</Key>
            <CfgParent>Base</CfgParent>
        </BuildConfiguration>
    </ItemGroup>
    <ProjectExtensions>
        <Borland.Personality>Delphi.Personality.12</Borland.Personality>
        <Borland.ProjectType>Application</Borland.ProjectType>
        <BorlandProject>
            <Delphi.Personality>
                <Source>
                    <Source Name="MainSource">GBNFeTests2.dpr</Source>
                </Source>
            </Delphi.Personality>
            <Deployment Version="3"/>
            <Platforms>
                <Platform value="OSX32">False</Platform>
                <Platform value="Win32">True</Platform>
                <Platform value="Win64">False</Platform>
            </Platforms>
            <UnitTesting>
                <TestFramework>DUnit / Delphi Win32</TestFramework>
                <TestRunner>GUI</TestRunner>
                <SourceProjectName>D:\Sistemas de Desenvolvimento\GBNFe\Src\GBNFe.dproj</SourceProjectName>
            </UnitTesting>
        </BorlandProject>
        <ProjectFileVersion>12</ProjectFileVersion>
    </ProjectExtensions>
    <Import Project="$(BDS)\Bin\CodeGear.Delphi.Targets" Condition="Exists('$(BDS)\Bin\CodeGear.Delphi.Targets')"/>
    <Import Project="$(APPDATA)\Embarcadero\$(BDSAPPDATABASEDIR)\$(PRODUCTVERSION)\UserTools.proj" Condition="Exists('$(APPDATA)\Embarcadero\$(BDSAPPDATABASEDIR)\$(PRODUCTVERSION)\UserTools.proj')"/>
</Project>
